
Microsoft Visual Studio Solution File, Format Version 12.00
# Visual Studio Version 16
VisualStudioVersion = 16.0.31321.278
MinimumVisualStudioVersion = 10.0.40219.1
Project("{FAE04EC0-301F-11D3-BF4B-00C04F79EFBC}") = "Foxminded.CalculatorApp", "Foxminded.Calculator\Foxminded.CalculatorApp.csproj", "{B3EC7E35-639C-4138-8805-15EB054AB895}"
EndProject
Project("{FAE04EC0-301F-11D3-BF4B-00C04F79EFBC}") = "Foxminded.CalculationLibrary", "Foxminded.CalculationLibrary\Foxminded.CalculationLibrary.csproj", "{7B234AB1-E1D2-4D88-B6BB-2B3B851B4CD9}"
EndProject
Project("{9A19103F-16F7-4668-BE54-9A1E7A4F7556}") = "Foxminded.CalculationLibrary.Tests", "Foxminded.CalculationLibrary.Tests\Foxminded.CalculationLibrary.Tests.csproj", "{6B2F9E7C-A205-4232-BA79-9C29D05E3F16}"
EndProject
Global
	GlobalSection(SolutionConfigurationPlatforms) = preSolution
		Debug|Any CPU = Debug|Any CPU
		Release|Any CPU = Release|Any CPU
	EndGlobalSection
	GlobalSection(ProjectConfigurationPlatforms) = postSolution
		{B3EC7E35-639C-4138-8805-15EB054AB895}.Debug|Any CPU.ActiveCfg = Debug|Any CPU
		{B3EC7E35-639C-4138-8805-15EB054AB895}.Debug|Any CPU.Build.0 = Debug|Any CPU
		{B3EC7E35-639C-4138-8805-15EB054AB895}.Release|Any CPU.ActiveCfg = Release|Any CPU
		{B3EC7E35-639C-4138-8805-15EB054AB895}.Release|Any CPU.Build.0 = Release|Any CPU
		{7B234AB1-E1D2-4D88-B6BB-2B3B851B4CD9}.Debug|Any CPU.ActiveCfg = Debug|Any CPU
		{7B234AB1-E1D2-4D88-B6BB-2B3B851B4CD9}.Debug|Any CPU.Build.0 = Debug|Any CPU
		{7B234AB1-E1D2-4D88-B6BB-2B3B851B4CD9}.Release|Any CPU.ActiveCfg = Release|Any CPU
		{7B234AB1-E1D2-4D88-B6BB-2B3B851B4CD9}.Release|Any CPU.Build.0 = Release|Any CPU
		{6B2F9E7C-A205-4232-BA79-9C29D05E3F16}.Debug|Any CPU.ActiveCfg = Debug|Any CPU
		{6B2F9E7C-A205-4232-BA79-9C29D05E3F16}.Debug|Any CPU.Build.0 = Debug|Any CPU
		{6B2F9E7C-A205-4232-BA79-9C29D05E3F16}.Release|Any CPU.ActiveCfg = Release|Any CPU
		{6B2F9E7C-A205-4232-BA79-9C29D05E3F16}.Release|Any CPU.Build.0 = Release|Any CPU
	EndGlobalSection
	GlobalSection(SolutionProperties) = preSolution
		HideSolutionNode = FALSE
	EndGlobalSection
	GlobalSection(ExtensibilityGlobals) = postSolution
		SolutionGuid = {2140DEA6-1A35-4B24-BF54-858BD549C55D}
	EndGlobalSection
EndGlobal
